
Microsoft Visual Studio Solution File, Format Version 12.00
# Visual Studio 15
VisualStudioVersion = 15.0.28307.1022
MinimumVisualStudioVersion = 10.0.40219.1
Project("{FAE04EC0-301F-11D3-BF4B-00C04F79EFBC}") = "LAB_04", "LAB_04\LAB_04.csproj", "{4D19758F-5B94-4642-B313-5924485D7F5F}"
EndProject
Project("{FAE04EC0-301F-11D3-BF4B-00C04F79EFBC}") = "WorkWithCollection", "WorkWithCollection\WorkWithCollection.csproj", "{F62A69D4-AA80-42AA-B315-B4BA46295FEB}"
EndProject
Global
	GlobalSection(SolutionConfigurationPlatforms) = preSolution
		Debug|Any CPU = Debug|Any CPU
		Release|Any CPU = Release|Any CPU
	EndGlobalSection
	GlobalSection(ProjectConfigurationPlatforms) = postSolution
		{4D19758F-5B94-4642-B313-5924485D7F5F}.Debug|Any CPU.ActiveCfg = Debug|Any CPU
		{4D19758F-5B94-4642-B313-5924485D7F5F}.Debug|Any CPU.Build.0 = Debug|Any CPU
		{4D19758F-5B94-4642-B313-5924485D7F5F}.Release|Any CPU.ActiveCfg = Release|Any CPU
		{4D19758F-5B94-4642-B313-5924485D7F5F}.Release|Any CPU.Build.0 = Release|Any CPU
		{F62A69D4-AA80-42AA-B315-B4BA46295FEB}.Debug|Any CPU.ActiveCfg = Debug|Any CPU
		{F62A69D4-AA80-42AA-B315-B4BA46295FEB}.Debug|Any CPU.Build.0 = Debug|Any CPU
		{F62A69D4-AA80-42AA-B315-B4BA46295FEB}.Release|Any CPU.ActiveCfg = Release|Any CPU
		{F62A69D4-AA80-42AA-B315-B4BA46295FEB}.Release|Any CPU.Build.0 = Release|Any CPU
	EndGlobalSection
	GlobalSection(SolutionProperties) = preSolution
		HideSolutionNode = FALSE
	EndGlobalSection
	GlobalSection(ExtensibilityGlobals) = postSolution
		SolutionGuid = {AECAA8FD-0B4B-4FCD-8147-C4428EA76587}
	EndGlobalSection
EndGlobal
